
Microsoft Visual Studio Solution File, Format Version 12.00
# Visual Studio 2013
VisualStudioVersion = 12.0.30501.0
MinimumVisualStudioVersion = 10.0.40219.1
Project("{FAE04EC0-301F-11D3-BF4B-00C04F79EFBC}") = "geocoderNet", "geocoderNet\geocoderNet.csproj", "{EDAC1472-0EB8-4775-80C5-5E08DAB932BC}"
EndProject
Project("{FAE04EC0-301F-11D3-BF4B-00C04F79EFBC}") = "geocoderNet.Tests", "geocoderNet.Tests\geocoderNet.Tests.csproj", "{73305924-478B-4EFE-98FD-9A9C505069B1}"
EndProject
Global
	GlobalSection(SolutionConfigurationPlatforms) = preSolution
		Debug|Any CPU = Debug|Any CPU
		Release|Any CPU = Release|Any CPU
	EndGlobalSection
	GlobalSection(ProjectConfigurationPlatforms) = postSolution
		{EDAC1472-0EB8-4775-80C5-5E08DAB932BC}.Debug|Any CPU.ActiveCfg = Debug|Any CPU
		{EDAC1472-0EB8-4775-80C5-5E08DAB932BC}.Debug|Any CPU.Build.0 = Debug|Any CPU
		{EDAC1472-0EB8-4775-80C5-5E08DAB932BC}.Release|Any CPU.ActiveCfg = Release|Any CPU
		{EDAC1472-0EB8-4775-80C5-5E08DAB932BC}.Release|Any CPU.Build.0 = Release|Any CPU
		{73305924-478B-4EFE-98FD-9A9C505069B1}.Debug|Any CPU.ActiveCfg = Debug|Any CPU
		{73305924-478B-4EFE-98FD-9A9C505069B1}.Debug|Any CPU.Build.0 = Debug|Any CPU
		{73305924-478B-4EFE-98FD-9A9C505069B1}.Release|Any CPU.ActiveCfg = Release|Any CPU
		{73305924-478B-4EFE-98FD-9A9C505069B1}.Release|Any CPU.Build.0 = Release|Any CPU
	EndGlobalSection
	GlobalSection(SolutionProperties) = preSolution
		HideSolutionNode = FALSE
	EndGlobalSection
EndGlobal
